
Microsoft Visual Studio Solution File, Format Version 12.00
# Visual Studio Version 16
VisualStudioVersion = 16.0.31515.178
MinimumVisualStudioVersion = 10.0.40219.1
Project("{2150E333-8FDC-42A3-9474-1A3956D46DE8}") = "src", "src", "{505FEA11-8B92-45CF-8516-0C7DC31736E7}"
EndProject
Project("{2150E333-8FDC-42A3-9474-1A3956D46DE8}") = "Core", "Core", "{66A6B4A3-9535-48C6-A473-709B2948130C}"
EndProject
Project("{2150E333-8FDC-42A3-9474-1A3956D46DE8}") = "test", "test", "{AC193A92-14C0-40BD-A330-CCE2BDC98B7B}"
EndProject
Project("{2150E333-8FDC-42A3-9474-1A3956D46DE8}") = "Infrastructure", "Infrastructure", "{BD2D3BFB-5FDF-447A-91E7-93101D02924C}"
EndProject
Project("{2150E333-8FDC-42A3-9474-1A3956D46DE8}") = "API", "API", "{14DB3FC6-AD44-4E5E-9BF6-F34AE1CF1A63}"
EndProject
Project("{9A19103F-16F7-4668-BE54-9A1E7A4F7556}") = "GloboEvent.API", "src\API\GloboEvent.API\GloboEvent.API.csproj", "{6A3253CB-18FE-49C8-82FD-EFE6D0513585}"
EndProject
Project("{9A19103F-16F7-4668-BE54-9A1E7A4F7556}") = "GloboEvent.Application", "src\API\GloboEvent.Application\GloboEvent.Application.csproj", "{65A84BCB-BDE6-4A12-93D4-4CDD8A7D3F60}"
EndProject
Project("{9A19103F-16F7-4668-BE54-9A1E7A4F7556}") = "GloboEvent.Domain", "src\API\GloboEvent.Domain\GloboEvent.Domain.csproj", "{CC6259F9-1A24-49B8-A5AB-BB23BE8AC8A1}"
EndProject
Project("{9A19103F-16F7-4668-BE54-9A1E7A4F7556}") = "GloboEvent.Identity", "src\API\GloboEvent.Identity\GloboEvent.Identity.csproj", "{15BDA3DD-AA03-4F46-A76E-E46E496F47AE}"
EndProject
Project("{9A19103F-16F7-4668-BE54-9A1E7A4F7556}") = "GloboEvent.Infrastructure", "src\API\GloboEvent.Infrastructure\GloboEvent.Infrastructure.csproj", "{D9B35F29-E637-4AD2-AE63-E08C2A88C6EE}"
EndProject
Project("{9A19103F-16F7-4668-BE54-9A1E7A4F7556}") = "GloboEvent.Persistence", "src\API\GloboEvent.Persistence\GloboEvent.Persistence.csproj", "{4369525E-8650-429A-B83A-622D550C35E4}"
EndProject
Project("{9A19103F-16F7-4668-BE54-9A1E7A4F7556}") = "GloboEvent.Api.IntegrationTest", "test\GloboEvent.Api.IntegrationTest\GloboEvent.Api.IntegrationTest.csproj", "{28F7C5F5-EC56-42CA-AE5D-7625E3621147}"
EndProject
Project("{9A19103F-16F7-4668-BE54-9A1E7A4F7556}") = "GloboEvent.Application.UnitTests", "test\GloboEvent.Application.UnitTests\GloboEvent.Application.UnitTests.csproj", "{14EC731D-BE27-492C-ADB6-45D9887B7D2C}"
EndProject
Project("{9A19103F-16F7-4668-BE54-9A1E7A4F7556}") = "GloboEvent.Persistence.IntegrationTest", "test\GloboEvent.Persistence.IntegrationTest\GloboEvent.Persistence.IntegrationTest.csproj", "{83F4B504-6369-45EB-BFEA-30906CE0AC0C}"
EndProject
Global
	GlobalSection(SolutionConfigurationPlatforms) = preSolution
		Debug|Any CPU = Debug|Any CPU
		Release|Any CPU = Release|Any CPU
	EndGlobalSection
	GlobalSection(ProjectConfigurationPlatforms) = postSolution
		{6A3253CB-18FE-49C8-82FD-EFE6D0513585}.Debug|Any CPU.ActiveCfg = Debug|Any CPU
		{6A3253CB-18FE-49C8-82FD-EFE6D0513585}.Debug|Any CPU.Build.0 = Debug|Any CPU
		{6A3253CB-18FE-49C8-82FD-EFE6D0513585}.Release|Any CPU.ActiveCfg = Release|Any CPU
		{6A3253CB-18FE-49C8-82FD-EFE6D0513585}.Release|Any CPU.Build.0 = Release|Any CPU
		{65A84BCB-BDE6-4A12-93D4-4CDD8A7D3F60}.Debug|Any CPU.ActiveCfg = Debug|Any CPU
		{65A84BCB-BDE6-4A12-93D4-4CDD8A7D3F60}.Debug|Any CPU.Build.0 = Debug|Any CPU
		{65A84BCB-BDE6-4A12-93D4-4CDD8A7D3F60}.Release|Any CPU.ActiveCfg = Release|Any CPU
		{65A84BCB-BDE6-4A12-93D4-4CDD8A7D3F60}.Release|Any CPU.Build.0 = Release|Any CPU
		{CC6259F9-1A24-49B8-A5AB-BB23BE8AC8A1}.Debug|Any CPU.ActiveCfg = Debug|Any CPU
		{CC6259F9-1A24-49B8-A5AB-BB23BE8AC8A1}.Debug|Any CPU.Build.0 = Debug|Any CPU
		{CC6259F9-1A24-49B8-A5AB-BB23BE8AC8A1}.Release|Any CPU.ActiveCfg = Release|Any CPU
		{CC6259F9-1A24-49B8-A5AB-BB23BE8AC8A1}.Release|Any CPU.Build.0 = Release|Any CPU
		{15BDA3DD-AA03-4F46-A76E-E46E496F47AE}.Debug|Any CPU.ActiveCfg = Debug|Any CPU
		{15BDA3DD-AA03-4F46-A76E-E46E496F47AE}.Debug|Any CPU.Build.0 = Debug|Any CPU
		{15BDA3DD-AA03-4F46-A76E-E46E496F47AE}.Release|Any CPU.ActiveCfg = Release|Any CPU
		{15BDA3DD-AA03-4F46-A76E-E46E496F47AE}.Release|Any CPU.Build.0 = Release|Any CPU
		{D9B35F29-E637-4AD2-AE63-E08C2A88C6EE}.Debug|Any CPU.ActiveCfg = Debug|Any CPU
		{D9B35F29-E637-4AD2-AE63-E08C2A88C6EE}.Debug|Any CPU.Build.0 = Debug|Any CPU
		{D9B35F29-E637-4AD2-AE63-E08C2A88C6EE}.Release|Any CPU.ActiveCfg = Release|Any CPU
		{D9B35F29-E637-4AD2-AE63-E08C2A88C6EE}.Release|Any CPU.Build.0 = Release|Any CPU
		{4369525E-8650-429A-B83A-622D550C35E4}.Debug|Any CPU.ActiveCfg = Debug|Any CPU
		{4369525E-8650-429A-B83A-622D550C35E4}.Debug|Any CPU.Build.0 = Debug|Any CPU
		{4369525E-8650-429A-B83A-622D550C35E4}.Release|Any CPU.ActiveCfg = Release|Any CPU
		{4369525E-8650-429A-B83A-622D550C35E4}.Release|Any CPU.Build.0 = Release|Any CPU
		{28F7C5F5-EC56-42CA-AE5D-7625E3621147}.Debug|Any CPU.ActiveCfg = Debug|Any CPU
		{28F7C5F5-EC56-42CA-AE5D-7625E3621147}.Debug|Any CPU.Build.0 = Debug|Any CPU
		{28F7C5F5-EC56-42CA-AE5D-7625E3621147}.Release|Any CPU.ActiveCfg = Release|Any CPU
		{28F7C5F5-EC56-42CA-AE5D-7625E3621147}.Release|Any CPU.Build.0 = Release|Any CPU
		{14EC731D-BE27-492C-ADB6-45D9887B7D2C}.Debug|Any CPU.ActiveCfg = Debug|Any CPU
		{14EC731D-BE27-492C-ADB6-45D9887B7D2C}.Debug|Any CPU.Build.0 = Debug|Any CPU
		{14EC731D-BE27-492C-ADB6-45D9887B7D2C}.Release|Any CPU.ActiveCfg = Release|Any CPU
		{14EC731D-BE27-492C-ADB6-45D9887B7D2C}.Release|Any CPU.Build.0 = Release|Any CPU
		{83F4B504-6369-45EB-BFEA-30906CE0AC0C}.Debug|Any CPU.ActiveCfg = Debug|Any CPU
		{83F4B504-6369-45EB-BFEA-30906CE0AC0C}.Debug|Any CPU.Build.0 = Debug|Any CPU
		{83F4B504-6369-45EB-BFEA-30906CE0AC0C}.Release|Any CPU.ActiveCfg = Release|Any CPU
		{83F4B504-6369-45EB-BFEA-30906CE0AC0C}.Release|Any CPU.Build.0 = Release|Any CPU
	EndGlobalSection
	GlobalSection(SolutionProperties) = preSolution
		HideSolutionNode = FALSE
	EndGlobalSection
	GlobalSection(NestedProjects) = preSolution
		{66A6B4A3-9535-48C6-A473-709B2948130C} = {505FEA11-8B92-45CF-8516-0C7DC31736E7}
		{BD2D3BFB-5FDF-447A-91E7-93101D02924C} = {505FEA11-8B92-45CF-8516-0C7DC31736E7}
		{14DB3FC6-AD44-4E5E-9BF6-F34AE1CF1A63} = {505FEA11-8B92-45CF-8516-0C7DC31736E7}
		{6A3253CB-18FE-49C8-82FD-EFE6D0513585} = {14DB3FC6-AD44-4E5E-9BF6-F34AE1CF1A63}
		{65A84BCB-BDE6-4A12-93D4-4CDD8A7D3F60} = {66A6B4A3-9535-48C6-A473-709B2948130C}
		{CC6259F9-1A24-49B8-A5AB-BB23BE8AC8A1} = {66A6B4A3-9535-48C6-A473-709B2948130C}
		{15BDA3DD-AA03-4F46-A76E-E46E496F47AE} = {BD2D3BFB-5FDF-447A-91E7-93101D02924C}
		{D9B35F29-E637-4AD2-AE63-E08C2A88C6EE} = {BD2D3BFB-5FDF-447A-91E7-93101D02924C}
		{4369525E-8650-429A-B83A-622D550C35E4} = {BD2D3BFB-5FDF-447A-91E7-93101D02924C}
		{28F7C5F5-EC56-42CA-AE5D-7625E3621147} = {AC193A92-14C0-40BD-A330-CCE2BDC98B7B}
		{14EC731D-BE27-492C-ADB6-45D9887B7D2C} = {AC193A92-14C0-40BD-A330-CCE2BDC98B7B}
		{83F4B504-6369-45EB-BFEA-30906CE0AC0C} = {AC193A92-14C0-40BD-A330-CCE2BDC98B7B}
	EndGlobalSection
	GlobalSection(ExtensibilityGlobals) = postSolution
		SolutionGuid = {F7BBF561-AF93-4B43-BBAB-1C3F4DD01DF5}
	EndGlobalSection
EndGlobal
