
Microsoft Visual Studio Solution File, Format Version 12.00
# Visual Studio Version 16
VisualStudioVersion = 16.0.31515.178
MinimumVisualStudioVersion = 10.0.40219.1
Project("{2150E333-8FDC-42A3-9474-1A3956D46DE8}") = "src", "src", "{505FEA11-8B92-45CF-8516-0C7DC31736E7}"
EndProject
Project("{2150E333-8FDC-42A3-9474-1A3956D46DE8}") = "Core", "Core", "{66A6B4A3-9535-48C6-A473-709B2948130C}"
EndProject
Project("{2150E333-8FDC-42A3-9474-1A3956D46DE8}") = "test", "test", "{AC193A92-14C0-40BD-A330-CCE2BDC98B7B}"
EndProject
Project("{2150E333-8FDC-42A3-9474-1A3956D46DE8}") = "Infrastructure", "Infrastructure", "{BD2D3BFB-5FDF-447A-91E7-93101D02924C}"
EndProject
Project("{2150E333-8FDC-42A3-9474-1A3956D46DE8}") = "API", "API", "{14DB3FC6-AD44-4E5E-9BF6-F34AE1CF1A63}"
EndProject
Project("{9A19103F-16F7-4668-BE54-9A1E7A4F7556}") = "GloboEvent.Domain", "GloboEvent.Domain\GloboEvent.Domain.csproj", "{01AD8DE5-58CB-4CFA-B4A6-A160DAFD5682}"
EndProject
Project("{9A19103F-16F7-4668-BE54-9A1E7A4F7556}") = "GloboEvent.Application", "GloboEvent.Application\GloboEvent.Application.csproj", "{726DF18E-CC43-4A85-9C41-5B625EA36077}"
EndProject
Project("{9A19103F-16F7-4668-BE54-9A1E7A4F7556}") = "GloboEvent.Persistence", "GloboEvent.Persistence\GloboEvent.Persistence.csproj", "{18C4093D-8718-4F23-A890-B91E570C973A}"
EndProject
Project("{9A19103F-16F7-4668-BE54-9A1E7A4F7556}") = "GloboEvent.Infrastructure", "GloboEvent.Infrastructure\GloboEvent.Infrastructure.csproj", "{C76E76C3-1D64-41BC-8A96-B1C4FC35AC03}"
EndProject
Project("{9A19103F-16F7-4668-BE54-9A1E7A4F7556}") = "GloboEvent.API", "GloboEvent.API\GloboEvent.API.csproj", "{8D5C4100-2C14-498E-BE4A-FB19A8FC3731}"
EndProject
Project("{9A19103F-16F7-4668-BE54-9A1E7A4F7556}") = "GloboEvent.Application.UnitTests", "GloboEvent.Application.UnitTests\GloboEvent.Application.UnitTests.csproj", "{F9B84871-12BD-480E-9FD2-A83283546F83}"
EndProject
Project("{9A19103F-16F7-4668-BE54-9A1E7A4F7556}") = "GloboEvent.Persistence.IntegrationTest", "GloboEvent.Persistence.IntegrationTest\GloboEvent.Persistence.IntegrationTest.csproj", "{27B2C1C9-5C88-4A75-B3EB-2889F1F04F0F}"
EndProject
Project("{9A19103F-16F7-4668-BE54-9A1E7A4F7556}") = "GloboEvent.Api.IntegrationTest", "GloboEvent.Api.IntegrationTest\GloboEvent.Api.IntegrationTest.csproj", "{19961D28-FA61-49E7-B5B2-9407BC510B68}"
EndProject
Project("{9A19103F-16F7-4668-BE54-9A1E7A4F7556}") = "GloboEvent.Identity", "GloboEvent.Identity\GloboEvent.Identity.csproj", "{4F44F9BE-0BEB-4160-B393-B760DEBAE489}"
EndProject
Global
	GlobalSection(SolutionConfigurationPlatforms) = preSolution
		Debug|Any CPU = Debug|Any CPU
		Release|Any CPU = Release|Any CPU
	EndGlobalSection
	GlobalSection(ProjectConfigurationPlatforms) = postSolution
		{01AD8DE5-58CB-4CFA-B4A6-A160DAFD5682}.Debug|Any CPU.ActiveCfg = Debug|Any CPU
		{01AD8DE5-58CB-4CFA-B4A6-A160DAFD5682}.Debug|Any CPU.Build.0 = Debug|Any CPU
		{01AD8DE5-58CB-4CFA-B4A6-A160DAFD5682}.Release|Any CPU.ActiveCfg = Release|Any CPU
		{01AD8DE5-58CB-4CFA-B4A6-A160DAFD5682}.Release|Any CPU.Build.0 = Release|Any CPU
		{726DF18E-CC43-4A85-9C41-5B625EA36077}.Debug|Any CPU.ActiveCfg = Debug|Any CPU
		{726DF18E-CC43-4A85-9C41-5B625EA36077}.Debug|Any CPU.Build.0 = Debug|Any CPU
		{726DF18E-CC43-4A85-9C41-5B625EA36077}.Release|Any CPU.ActiveCfg = Release|Any CPU
		{726DF18E-CC43-4A85-9C41-5B625EA36077}.Release|Any CPU.Build.0 = Release|Any CPU
		{18C4093D-8718-4F23-A890-B91E570C973A}.Debug|Any CPU.ActiveCfg = Debug|Any CPU
		{18C4093D-8718-4F23-A890-B91E570C973A}.Debug|Any CPU.Build.0 = Debug|Any CPU
		{18C4093D-8718-4F23-A890-B91E570C973A}.Release|Any CPU.ActiveCfg = Release|Any CPU
		{18C4093D-8718-4F23-A890-B91E570C973A}.Release|Any CPU.Build.0 = Release|Any CPU
		{C76E76C3-1D64-41BC-8A96-B1C4FC35AC03}.Debug|Any CPU.ActiveCfg = Debug|Any CPU
		{C76E76C3-1D64-41BC-8A96-B1C4FC35AC03}.Debug|Any CPU.Build.0 = Debug|Any CPU
		{C76E76C3-1D64-41BC-8A96-B1C4FC35AC03}.Release|Any CPU.ActiveCfg = Release|Any CPU
		{C76E76C3-1D64-41BC-8A96-B1C4FC35AC03}.Release|Any CPU.Build.0 = Release|Any CPU
		{8D5C4100-2C14-498E-BE4A-FB19A8FC3731}.Debug|Any CPU.ActiveCfg = Debug|Any CPU
		{8D5C4100-2C14-498E-BE4A-FB19A8FC3731}.Debug|Any CPU.Build.0 = Debug|Any CPU
		{8D5C4100-2C14-498E-BE4A-FB19A8FC3731}.Release|Any CPU.ActiveCfg = Release|Any CPU
		{8D5C4100-2C14-498E-BE4A-FB19A8FC3731}.Release|Any CPU.Build.0 = Release|Any CPU
		{F9B84871-12BD-480E-9FD2-A83283546F83}.Debug|Any CPU.ActiveCfg = Debug|Any CPU
		{F9B84871-12BD-480E-9FD2-A83283546F83}.Debug|Any CPU.Build.0 = Debug|Any CPU
		{F9B84871-12BD-480E-9FD2-A83283546F83}.Release|Any CPU.ActiveCfg = Release|Any CPU
		{F9B84871-12BD-480E-9FD2-A83283546F83}.Release|Any CPU.Build.0 = Release|Any CPU
		{27B2C1C9-5C88-4A75-B3EB-2889F1F04F0F}.Debug|Any CPU.ActiveCfg = Debug|Any CPU
		{27B2C1C9-5C88-4A75-B3EB-2889F1F04F0F}.Debug|Any CPU.Build.0 = Debug|Any CPU
		{27B2C1C9-5C88-4A75-B3EB-2889F1F04F0F}.Release|Any CPU.ActiveCfg = Release|Any CPU
		{27B2C1C9-5C88-4A75-B3EB-2889F1F04F0F}.Release|Any CPU.Build.0 = Release|Any CPU
		{19961D28-FA61-49E7-B5B2-9407BC510B68}.Debug|Any CPU.ActiveCfg = Debug|Any CPU
		{19961D28-FA61-49E7-B5B2-9407BC510B68}.Debug|Any CPU.Build.0 = Debug|Any CPU
		{19961D28-FA61-49E7-B5B2-9407BC510B68}.Release|Any CPU.ActiveCfg = Release|Any CPU
		{19961D28-FA61-49E7-B5B2-9407BC510B68}.Release|Any CPU.Build.0 = Release|Any CPU
		{4F44F9BE-0BEB-4160-B393-B760DEBAE489}.Debug|Any CPU.ActiveCfg = Debug|Any CPU
		{4F44F9BE-0BEB-4160-B393-B760DEBAE489}.Debug|Any CPU.Build.0 = Debug|Any CPU
		{4F44F9BE-0BEB-4160-B393-B760DEBAE489}.Release|Any CPU.ActiveCfg = Release|Any CPU
		{4F44F9BE-0BEB-4160-B393-B760DEBAE489}.Release|Any CPU.Build.0 = Release|Any CPU
	EndGlobalSection
	GlobalSection(SolutionProperties) = preSolution
		HideSolutionNode = FALSE
	EndGlobalSection
	GlobalSection(NestedProjects) = preSolution
		{66A6B4A3-9535-48C6-A473-709B2948130C} = {505FEA11-8B92-45CF-8516-0C7DC31736E7}
		{BD2D3BFB-5FDF-447A-91E7-93101D02924C} = {505FEA11-8B92-45CF-8516-0C7DC31736E7}
		{14DB3FC6-AD44-4E5E-9BF6-F34AE1CF1A63} = {505FEA11-8B92-45CF-8516-0C7DC31736E7}
		{01AD8DE5-58CB-4CFA-B4A6-A160DAFD5682} = {66A6B4A3-9535-48C6-A473-709B2948130C}
		{726DF18E-CC43-4A85-9C41-5B625EA36077} = {66A6B4A3-9535-48C6-A473-709B2948130C}
		{18C4093D-8718-4F23-A890-B91E570C973A} = {BD2D3BFB-5FDF-447A-91E7-93101D02924C}
		{C76E76C3-1D64-41BC-8A96-B1C4FC35AC03} = {BD2D3BFB-5FDF-447A-91E7-93101D02924C}
		{8D5C4100-2C14-498E-BE4A-FB19A8FC3731} = {14DB3FC6-AD44-4E5E-9BF6-F34AE1CF1A63}
		{F9B84871-12BD-480E-9FD2-A83283546F83} = {AC193A92-14C0-40BD-A330-CCE2BDC98B7B}
		{27B2C1C9-5C88-4A75-B3EB-2889F1F04F0F} = {AC193A92-14C0-40BD-A330-CCE2BDC98B7B}
		{19961D28-FA61-49E7-B5B2-9407BC510B68} = {AC193A92-14C0-40BD-A330-CCE2BDC98B7B}
		{4F44F9BE-0BEB-4160-B393-B760DEBAE489} = {BD2D3BFB-5FDF-447A-91E7-93101D02924C}
	EndGlobalSection
	GlobalSection(ExtensibilityGlobals) = postSolution
		SolutionGuid = {F7BBF561-AF93-4B43-BBAB-1C3F4DD01DF5}
	EndGlobalSection
EndGlobal
